
Microsoft Visual Studio Solution File, Format Version 12.00
# Visual Studio Version 17
VisualStudioVersion = 17.9.34607.119
MinimumVisualStudioVersion = 10.0.40219.1
Project("{FAE04EC0-301F-11D3-BF4B-00C04F79EFBC}") = "Nesne Tabanlı Programlama - 23.02.2024", "Nesne Tabanlı Programlama - 23.02.2024\Nesne Tabanlı Programlama - 23.02.2024.csproj", "{D4F9F3CC-6900-42EB-AEF2-37C2AF896500}"
EndProject
Global
	GlobalSection(SolutionConfigurationPlatforms) = preSolution
		Debug|Any CPU = Debug|Any CPU
		Release|Any CPU = Release|Any CPU
	EndGlobalSection
	GlobalSection(ProjectConfigurationPlatforms) = postSolution
		{D4F9F3CC-6900-42EB-AEF2-37C2AF896500}.Debug|Any CPU.ActiveCfg = Debug|Any CPU
		{D4F9F3CC-6900-42EB-AEF2-37C2AF896500}.Debug|Any CPU.Build.0 = Debug|Any CPU
		{D4F9F3CC-6900-42EB-AEF2-37C2AF896500}.Release|Any CPU.ActiveCfg = Release|Any CPU
		{D4F9F3CC-6900-42EB-AEF2-37C2AF896500}.Release|Any CPU.Build.0 = Release|Any CPU
	EndGlobalSection
	GlobalSection(SolutionProperties) = preSolution
		HideSolutionNode = FALSE
	EndGlobalSection
	GlobalSection(ExtensibilityGlobals) = postSolution
		SolutionGuid = {3CF59C9F-5C1D-4D25-9F49-E190266E884F}
	EndGlobalSection
EndGlobal
